// !$*UTF8*$!
{
	archiveVersion = 1;
	classes = {
	};
	objectVersion = 46;
	objects = {

/* Begin PBXBuildFile section */
		CE32E2D71EA893C6009B0B3D /* AppDelegate.swift in Sources */ = {isa = PBXBuildFile; fileRef = CE32E2D61EA893C6009B0B3D /* AppDelegate.swift */; };
		CE32E2D91EA893C6009B0B3D /* ViewController.swift in Sources */ = {isa = PBXBuildFile; fileRef = CE32E2D81EA893C6009B0B3D /* ViewController.swift */; };
		CE32E2DC1EA893C6009B0B3D /* Main.storyboard in Resources */ = {isa = PBXBuildFile; fileRef = CE32E2DA1EA893C6009B0B3D /* Main.storyboard */; };
		CE32E2DE1EA893C7009B0B3D /* Assets.xcassets in Resources */ = {isa = PBXBuildFile; fileRef = CE32E2DD1EA893C7009B0B3D /* Assets.xcassets */; };
		CE32E2E11EA893C7009B0B3D /* LaunchScreen.storyboard in Resources */ = {isa = PBXBuildFile; fileRef = CE32E2DF1EA893C7009B0B3D /* LaunchScreen.storyboard */; };
/* End PBXBuildFile section */

/* Begin PBXFileReference section */
		CE32E2D31EA893C6009B0B3D /* CADisplayLinkSample.app */ = {isa = PBXFileReference; explicitFileType = wrapper.application; includeInIndex = 0; path = CADisplayLinkSample.app; sourceTree = BUILT_PRODUCTS_DIR; };
		CE32E2D61EA893C6009B0B3D /* AppDelegate.swift */ = {isa = PBXFileReference; lastKnownFileType = sourcecode.swift; path = AppDelegate.swift; sourceTree = "<group>"; };
		CE32E2D81EA893C6009B0B3D /* ViewController.swift */ = {isa = PBXFileReference; lastKnownFileType = sourcecode.swift; path = ViewController.swift; sourceTree = "<group>"; };
		CE32E2DB1EA893C6009B0B3D /* Base */ = {isa = PBXFileReference; lastKnownFileType = file.storyboard; name = Base; path = Base.lproj/Main.storyboard; sourceTree = "<group>"; };
		CE32E2DD1EA893C7009B0B3D /* Assets.xcassets */ = {isa = PBXFileReference; lastKnownFileType = folder.assetcatalog; path = Assets.xcassets; sourceTree = "<group>"; };
		CE32E2E01EA893C7009B0B3D /* Base */ = {isa = PBXFileReference; lastKnownFileType = file.storyboard; name = Base; path = Base.lproj/LaunchScreen.storyboard; sourceTree = "<group>"; };
		CE32E2E21EA893C7009B0B3D /* Info.plist */ = {isa = PBXFileReference; lastKnownFileType = text.plist.xml; path = Info.plist; sourceTree = "<group>"; };
/* End PBXFileReference section */

/* Begin PBXFrameworksBuildPhase section */
		CE32E2D01EA893C6009B0B3D /* Frameworks */ = {
			isa = PBXFrameworksBuildPhase;
			buildActionMask = 2147483647;
			files = (
			);
			runOnlyForDeploymentPostprocessing = 0;
		};
/* End PBXFrameworksBuildPhase section */

/* Begin PBXGroup section */
		CE32E2CA1EA893C6009B0B3D = {
			isa = PBXGroup;
			children = (
				CE32E2D51EA893C6009B0B3D /* CADisplayLinkSample */,
				CE32E2D41EA893C6009B0B3D /* Products */,
			);
			sourceTree = "<group>";
		};
		CE32E2D41EA893C6009B0B3D /* Products */ = {
			isa = PBXGroup;
			children = (
				CE32E2D31EA893C6009B0B3D /* CADisplayLinkSample.app */,
			);
			name = Products;
			sourceTree = "<group>";
		};
		CE32E2D51EA893C6009B0B3D /* CADisplayLinkSample */ = {
			isa = PBXGroup;
			children = (
				CE32E2D61EA893C6009B0B3D /* AppDelegate.swift */,
				CE32E2D81EA893C6009B0B3D /* ViewController.swift */,
				CE32E2DA1EA893C6009B0B3D /* Main.storyboard */,
				CE32E2DD1EA893C7009B0B3D /* Assets.xcassets */,
				CE32E2DF1EA893C7009B0B3D /* LaunchScreen.storyboard */,
				CE32E2E21EA893C7009B0B3D /* Info.plist */,
			);
			path = CADisplayLinkSample;
			sourceTree = "<group>";
		};
/* End PBXGroup section */

/* Begin PBXNativeTarget section */
		CE32E2D21EA893C6009B0B3D /* CADisplayLinkSample */ = {
			isa = PBXNativeTarget;
			buildConfigurationList = CE32E2E51EA893C7009B0B3D /* Build configuration list for PBXNativeTarget "CADisplayLinkSample" */;
			buildPhases = (
				CE32E2CF1EA893C6009B0B3D /* Sources */,
				CE32E2D01EA893C6009B0B3D /* Frameworks */,
				CE32E2D11EA893C6009B0B3D /* Resources */,
			);
			buildRules = (
			);
			dependencies = (
			);
			name = CADisplayLinkSample;
			productName = CADisplayLinkSample;
			productReference = CE32E2D31EA893C6009B0B3D /* CADisplayLinkSample.app */;
			productType = "com.apple.product-type.application";
		};
/* End PBXNativeTarget section */

/* Begin PBXProject section */
		CE32E2CB1EA893C6009B0B3D /* Project object */ = {
			isa = PBXProject;
			attributes = {
				LastSwiftUpdateCheck = 0830;
				LastUpgradeCheck = 0830;
				ORGANIZATIONNAME = "Keisuke Shoji";
				TargetAttributes = {
					CE32E2D21EA893C6009B0B3D = {
						CreatedOnToolsVersion = 8.3.2;
						DevelopmentTeam = ZX4AV7HKD2;
						ProvisioningStyle = Automatic;
					};
				};
			};
			buildConfigurationList = CE32E2CE1EA893C6009B0B3D /* Build configuration list for PBXProject "CADisplayLinkSample" */;
			compatibilityVersion = "Xcode 3.2";
			developmentRegion = English;
			hasScannedForEncodings = 0;
			knownRegions = (
				en,
				Base,
			);
			mainGroup = CE32E2CA1EA893C6009B0B3D;
			productRefGroup = CE32E2D41EA893C6009B0B3D /* Products */;
			projectDirPath = "";
			projectRoot = "";
			targets = (
				CE32E2D21EA893C6009B0B3D /* CADisplayLinkSample */,
			);
		};
/* End PBXProject section */

/* Begin PBXResourcesBuildPhase section */
		CE32E2D11EA893C6009B0B3D /* Resources */ = {
			isa = PBXResourcesBuildPhase;
			buildActionMask = 2147483647;
			files = (
				CE32E2E11EA893C7009B0B3D /* LaunchScreen.storyboard in Resources */,
				CE32E2DE1EA893C7009B0B3D /* Assets.xcassets in Resources */,
				CE32E2DC1EA893C6009B0B3D /* Main.storyboard in Resources */,
			);
			runOnlyForDeploymentPostprocessing = 0;
		};
/* End PBXResourcesBuildPhase section */

/* Begin PBXSourcesBuildPhase section */
		CE32E2CF1EA893C6009B0B3D /* Sources */ = {
			isa = PBXSourcesBuildPhase;
			buildActionMask = 2147483647;
			files = (
				CE32E2D91EA893C6009B0B3D /* ViewController.swift in Sources */,
				CE32E2D71EA893C6009B0B3D /* AppDelegate.swift in Sources */,
			);
			runOnlyForDeploymentPostprocessing = 0;
		};
/* End PBXSourcesBuildPhase section */

/* Begin PBXVariantGroup section */
		CE32E2DA1EA893C6009B0B3D /* Main.storyboard */ = {
			isa = PBXVariantGroup;
			children = (
				CE32E2DB1EA893C6009B0B3D /* Base */,
			);
			name = Main.storyboard;
			sourceTree = "<group>";
		};
		CE32E2DF1EA893C7009B0B3D /* LaunchScreen.storyboard */ = {
			isa = PBXVariantGroup;
			children = (
				CE32E2E01EA893C7009B0B3D /* Base */,
			);
			name = LaunchScreen.storyboard;
			sourceTree = "<group>";
		};
/* End PBXVariantGroup section */

/* Begin XCBuildConfiguration section */
		CE32E2E31EA893C7009B0B3D /* Debug */ = {
			isa = XCBuildConfiguration;
			buildSettings = {
				ALWAYS_SEARCH_USER_PATHS = NO;
				CLANG_ANALYZER_NONNULL = YES;
				CLANG_ANALYZER_NUMBER_OBJECT_CONVERSION = YES_AGGRESSIVE;
				CLANG_CXX_LANGUAGE_STANDARD = "gnu++0x";
				CLANG_CXX_LIBRARY = "libc++";
				CLANG_ENABLE_MODULES = YES;
				CLANG_ENABLE_OBJC_ARC = YES;
				CLANG_WARN_BOOL_CONVERSION = YES;
				CLANG_WARN_CONSTANT_CONVERSION = YES;
				CLANG_WARN_DIRECT_OBJC_ISA_USAGE = YES_ERROR;
				CLANG_WARN_DOCUMENTATION_COMMENTS = YES;
				CLANG_WARN_EMPTY_BODY = YES;
				CLANG_WARN_ENUM_CONVERSION = YES;
				CLANG_WARN_INFINITE_RECURSION = YES;
				CLANG_WARN_INT_CONVERSION = YES;
				CLANG_WARN_OBJC_ROOT_CLASS = YES_ERROR;
				CLANG_WARN_SUSPICIOUS_MOVE = YES;
				CLANG_WARN_UNREACHABLE_CODE = YES;
				CLANG_WARN__DUPLICATE_METHOD_MATCH = YES;
				"CODE_SIGN_IDENTITY[sdk=iphoneos*]" = "iPhone Developer";
				COPY_PHASE_STRIP = NO;
				DEBUG_INFORMATION_FORMAT = dwarf;
				ENABLE_STRICT_OBJC_MSGSEND = YES;
				ENABLE_TESTABILITY = YES;
				GCC_C_LANGUAGE_STANDARD = gnu99;
				GCC_DYNAMIC_NO_PIC = NO;
				GCC_NO_COMMON_BLOCKS = YES;
				GCC_OPTIMIZATION_LEVEL = 0;
				GCC_PREPROCESSOR_DEFINITIONS = (
					"DEBUG=1",
					"$(inherited)",
				);
				GCC_WARN_64_TO_32_BIT_CONVERSION = YES;
				GCC_WARN_ABOUT_RETURN_TYPE = YES_ERROR;
				GCC_WARN_UNDECLARED_SELECTOR = YES;
				GCC_WARN_UNINITIALIZED_AUTOS = YES_AGGRESSIVE;
				GCC_WARN_UNUSED_FUNCTION = YES;
				GCC_WARN_UNUSED_VARIABLE = YES;
				IPHONEOS_DEPLOYMENT_TARGET = 10.3;
				MTL_ENABLE_DEBUG_INFO = YES;
				ONLY_ACTIVE_ARCH = YES;
				SDKROOT = iphoneos;
				SWIFT_ACTIVE_COMPILATION_CONDITIONS = DEBUG;
				SWIFT_OPTIMIZATION_LEVEL = "-Onone";
				TARGETED_DEVICE_FAMILY = "1,2";
			};
			name = Debug;
		};
		CE32E2E41EA893C7009B0B3D /* Release */ = {
			isa = XCBuildConfiguration;
			buildSettings = {
				ALWAYS_SEARCH_USER_PATHS = NO;
				CLANG_ANALYZER_NONNULL = YES;
				CLANG_ANALYZER_NUMBER_OBJECT_CONVERSION = YES_AGGRESSIVE;
				CLANG_CXX_LANGUAGE_STANDARD = "gnu++0x";
				CLANG_CXX_LIBRARY = "libc++";
				CLANG_ENABLE_MODULES = YES;
				CLANG_ENABLE_OBJC_ARC = YES;
				CLANG_WARN_BOOL_CONVERSION = YES;
				CLANG_WARN_CONSTANT_CONVERSION = YES;
				CLANG_WARN_DIRECT_OBJC_ISA_USAGE = YES_ERROR;
				CLANG_WARN_DOCUMENTATION_COMMENTS = YES;
				CLANG_WARN_EMPTY_BODY = YES;
				CLANG_WARN_ENUM_CONVERSION = YES;
				CLANG_WARN_INFINITE_RECURSION = YES;
				CLANG_WARN_INT_CONVERSION = YES;
				CLANG_WARN_OBJC_ROOT_CLASS = YES_ERROR;
				CLANG_WARN_SUSPICIOUS_MOVE = YES;
				CLANG_WARN_UNREACHABLE_CODE = YES;
				CLANG_WARN__DUPLICATE_METHOD_MATCH = YES;
				"CODE_SIGN_IDENTITY[sdk=iphoneos*]" = "iPhone Developer";
				COPY_PHASE_STRIP = NO;
				DEBUG_INFORMATION_FORMAT = "dwarf-with-dsym";
				ENABLE_NS_ASSERTIONS = NO;
				ENABLE_STRICT_OBJC_MSGSEND = YES;
				GCC_C_LANGUAGE_STANDARD = gnu99;
				GCC_NO_COMMON_BLOCKS = YES;
				GCC_WARN_64_TO_32_BIT_CONVERSION = YES;
				GCC_WARN_ABOUT_RETURN_TYPE = YES_ERROR;
				GCC_WARN_UNDECLARED_SELECTOR = YES;
				GCC_WARN_UNINITIALIZED_AUTOS = YES_AGGRESSIVE;
				GCC_WARN_UNUSED_FUNCTION = YES;
				GCC_WARN_UNUSED_VARIABLE = YES;
				IPHONEOS_DEPLOYMENT_TARGET = 10.3;
				MTL_ENABLE_DEBUG_INFO = NO;
				SDKROOT = iphoneos;
				SWIFT_OPTIMIZATION_LEVEL = "-Owholemodule";
				TARGETED_DEVICE_FAMILY = "1,2";
				VALIDATE_PRODUCT = YES;
			};
			name = Release;
		};
		CE32E2E61EA893C7009B0B3D /* Debug */ = {
			isa = XCBuildConfiguration;
			buildSettings = {
				ASSETCATALOG_COMPILER_APPICON_NAME = AppIcon;
				DEVELOPMENT_TEAM = ZX4AV7HKD2;
				INFOPLIST_FILE = CADisplayLinkSample/Info.plist;
				LD_RUNPATH_SEARCH_PATHS = "$(inherited) @executable_path/Frameworks";
				PRODUCT_BUNDLE_IDENTIFIER = jp.vasily.CADisplayLinkSample;
				PRODUCT_NAME = "$(TARGET_NAME)";
				SWIFT_VERSION = 3.0;
			};
			name = Debug;
		};
		CE32E2E71EA893C7009B0B3D /* Release */ = {
			isa = XCBuildConfiguration;
			buildSettings = {
				ASSETCATALOG_COMPILER_APPICON_NAME = AppIcon;
				DEVELOPMENT_TEAM = ZX4AV7HKD2;
				INFOPLIST_FILE = CADisplayLinkSample/Info.plist;
				LD_RUNPATH_SEARCH_PATHS = "$(inherited) @executable_path/Frameworks";
				PRODUCT_BUNDLE_IDENTIFIER = jp.vasily.CADisplayLinkSample;
				PRODUCT_NAME = "$(TARGET_NAME)";
				SWIFT_VERSION = 3.0;
			};
			name = Release;
		};
/* End XCBuildConfiguration section */

/* Begin XCConfigurationList section */
		CE32E2CE1EA893C6009B0B3D /* Build configuration list for PBXProject "CADisplayLinkSample" */ = {
			isa = XCConfigurationList;
			buildConfigurations = (
				CE32E2E31EA893C7009B0B3D /* Debug */,
				CE32E2E41EA893C7009B0B3D /* Release */,
			);
			defaultConfigurationIsVisible = 0;
			defaultConfigurationName = Release;
		};
		CE32E2E51EA893C7009B0B3D /* Build configuration list for PBXNativeTarget "CADisplayLinkSample" */ = {
			isa = XCConfigurationList;
			buildConfigurations = (
				CE32E2E61EA893C7009B0B3D /* Debug */,
				CE32E2E71EA893C7009B0B3D /* Release */,
			);
			defaultConfigurationIsVisible = 0;
		};
/* End XCConfigurationList section */
	};
	rootObject = CE32E2CB1EA893C6009B0B3D /* Project object */;
}
